# This file is automatically @generated by Poetry 1.6.1 and should not be changed by hand.

[[package]]
name = "anki"
version = "2.1.66"
description = ""
optional = false
python-versions = ">=3.9"
files = [
    {file = "anki-2.1.66-cp39-abi3-macosx_10_13_x86_64.whl", hash = "sha256:8e861e86c5ac1dc1c143178c7d4285194873eed307bb4730e5dd385ec2b8049a"},
    {file = "anki-2.1.66-cp39-abi3-macosx_11_0_arm64.whl", hash = "sha256:83363bdd814063eb842f25ef62e2a376d834d8f3ec1d33748ae19dfe2d51dcb8"},
    {file = "anki-2.1.66-cp39-abi3-manylinux_2_28_x86_64.whl", hash = "sha256:4cee6c4443af1d9d6d406ca35d2f6c1e0323ca6213021acf59b5d21aac17fc2d"},
    {file = "anki-2.1.66-cp39-abi3-manylinux_2_31_aarch64.whl", hash = "sha256:41fd7c49e2bb96667d303c0fc6dbf3466dbe5a8accdcb7ae656b1c7d794a0f40"},
    {file = "anki-2.1.66-cp39-abi3-win_amd64.whl", hash = "sha256:d651ef4d225a7e1c78110e431a2fb2605f9aa5bd1954f955bd37bfe07dc62c68"},
]

[package.dependencies]
beautifulsoup4 = "*"
decorator = "*"
distro = {version = "*", markers = "sys_platform != \"darwin\" and sys_platform != \"win32\""}
markdown = "*"
orjson = "*"
protobuf = ">=4.21"
psutil = {version = "*", markers = "sys_platform == \"win32\""}
requests = {version = "*", extras = ["socks"]}

[[package]]
name = "beautifulsoup4"
version = "4.12.2"
description = "Screen-scraping library"
optional = false
python-versions = ">=3.6.0"
files = [
    {file = "beautifulsoup4-4.12.2-py3-none-any.whl", hash = "sha256:bd2520ca0d9d7d12694a53d44ac482d181b4ec1888909b035a3dbf40d0f57d4a"},
    {file = "beautifulsoup4-4.12.2.tar.gz", hash = "sha256:492bbc69dca35d12daac71c4db1bfff0c876c00ef4a2ffacce226d4638eb72da"},
]

[package.dependencies]
soupsieve = ">1.2"

[package.extras]
html5lib = ["html5lib"]
lxml = ["lxml"]

[[package]]
name = "certifi"
version = "2023.7.22"
description = "Python package for providing Mozilla's CA Bundle."
optional = false
python-versions = ">=3.6"
files = [
    {file = "certifi-2023.7.22-py3-none-any.whl", hash = "sha256:92d6037539857d8206b8f6ae472e8b77db8058fec5937a1ef3f54304089edbb9"},
    {file = "certifi-2023.7.22.tar.gz", hash = "sha256:539cc1d13202e33ca466e88b2807e29f4c13049d6d87031a3c110744495cb082"},
]

[[package]]
name = "charset-normalizer"
version = "3.3.1"
description = "The Real First Universal Charset Detector. Open, modern and actively maintained alternative to Chardet."
optional = false
python-versions = ">=3.7.0"
files = [
    {file = "charset-normalizer-3.3.1.tar.gz", hash = "sha256:d9137a876020661972ca6eec0766d81aef8a5627df628b664b234b73396e727e"},
    {file = "charset_normalizer-3.3.1-cp310-cp310-macosx_10_9_universal2.whl", hash = "sha256:8aee051c89e13565c6bd366813c386939f8e928af93c29fda4af86d25b73d8f8"},
    {file = "charset_normalizer-3.3.1-cp310-cp310-macosx_10_9_x86_64.whl", hash = "sha256:352a88c3df0d1fa886562384b86f9a9e27563d4704ee0e9d56ec6fcd270ea690"},
    {file = "charset_normalizer-3.3.1-cp310-cp310-macosx_11_0_arm64.whl", hash = "sha256:223b4d54561c01048f657fa6ce41461d5ad8ff128b9678cfe8b2ecd951e3f8a2"},
    {file = "charset_normalizer-3.3.1-cp310-cp310-manylinux_2_17_aarch64.manylinux2014_aarch64.whl", hash = "sha256:4f861d94c2a450b974b86093c6c027888627b8082f1299dfd5a4bae8e2292821"},
    {file = "charset_normalizer-3.3.1-cp310-cp310-manylinux_2_17_ppc64le.manylinux2014_ppc64le.whl", hash = "sha256:1171ef1fc5ab4693c5d151ae0fdad7f7349920eabbaca6271f95969fa0756c2d"},
    {file = "charset_normalizer-3.3.1-cp310-cp310-manylinux_2_17_s390x.manylinux2014_s390x.whl", hash = "sha256:28f512b9a33235545fbbdac6a330a510b63be278a50071a336afc1b78781b147"},
    {file = "charset_normalizer-3.3.1-cp310-cp310-manylinux_2_17_x86_64.manylinux2014_x86_64.whl", hash = "sha256:c0e842112fe3f1a4ffcf64b06dc4c61a88441c2f02f373367f7b4c1aa9be2ad5"},
    {file = "charset_normalizer-3.3.1-cp310-cp310-manylinux_2_5_i686.manylinux1_i686.manylinux_2_17_i686.manylinux2014_i686.whl", hash = "sha256:3f9bc2ce123637a60ebe819f9fccc614da1bcc05798bbbaf2dd4ec91f3e08846"},
    {file = "charset_normalizer-3.3.1-cp310-cp310-musllinux_1_1_aarch64.whl", hash = "sha256:f194cce575e59ffe442c10a360182a986535fd90b57f7debfaa5c845c409ecc3"},
    {file = "charset_normalizer-3.3.1-cp310-cp310-musllinux_1_1_i686.whl", hash = "sha256:9a74041ba0bfa9bc9b9bb2cd3238a6ab3b7618e759b41bd15b5f6ad958d17605"},
    {file = "charset_normalizer-3.3.1-cp310-cp310-musllinux_1_1_ppc64le.whl", hash = "sha256:b578cbe580e3b41ad17b1c428f382c814b32a6ce90f2d8e39e2e635d49e498d1"},
    {file = "charset_normalizer-3.3.1-cp310-cp310-musllinux_1_1_s390x.whl", hash = "sha256:6db3cfb9b4fcecb4390db154e75b49578c87a3b9979b40cdf90d7e4b945656e1"},
    {file = "charset_normalizer-3.3.1-cp310-cp310-musllinux_1_1_x86_64.whl", hash = "sha256:debb633f3f7856f95ad957d9b9c781f8e2c6303ef21724ec94bea2ce2fcbd056"},
    {file = "charset_normalizer-3.3.1-cp310-cp310-win32.whl", hash = "sha256:87071618d3d8ec8b186d53cb6e66955ef2a0e4fa63ccd3709c0c90ac5a43520f"},
    {file = "charset_normalizer-3.3.1-cp310-cp310-win_amd64.whl", hash = "sha256:e372d7dfd154009142631de2d316adad3cc1c36c32a38b16a4751ba78da2a397"},
    {file = "charset_normalizer-3.3.1-cp311-cp311-macosx_10_9_universal2.whl", hash = "sha256:ae4070f741f8d809075ef697877fd350ecf0b7c5837ed68738607ee0a2c572cf"},
    {file = "charset_normalizer-3.3.1-cp311-cp311-macosx_10_9_x86_64.whl", hash = "sha256:58e875eb7016fd014c0eea46c6fa92b87b62c0cb31b9feae25cbbe62c919f54d"},
    {file = "charset_normalizer-3.3.1-cp311-cp311-macosx_11_0_arm64.whl", hash = "sha256:dbd95e300367aa0827496fe75a1766d198d34385a58f97683fe6e07f89ca3e3c"},
    {file = "charset_normalizer-3.3.1-cp311-cp311-manylinux_2_17_aarch64.manylinux2014_aarch64.whl", hash = "sha256:de0b4caa1c8a21394e8ce971997614a17648f94e1cd0640fbd6b4d14cab13a72"},
    {file = "charset_normalizer-3.3.1-cp311-cp311-manylinux_2_17_ppc64le.manylinux2014_ppc64le.whl", hash = "sha256:985c7965f62f6f32bf432e2681173db41336a9c2611693247069288bcb0c7f8b"},
    {file = "charset_normalizer-3.3.1-cp311-cp311-manylinux_2_17_s390x.manylinux2014_s390x.whl", hash = "sha256:a15c1fe6d26e83fd2e5972425a772cca158eae58b05d4a25a4e474c221053e2d"},
    {file = "charset_normalizer-3.3.1-cp311-cp311-manylinux_2_17_x86_64.manylinux2014_x86_64.whl", hash = "sha256:ae55d592b02c4349525b6ed8f74c692509e5adffa842e582c0f861751701a673"},
    {file = "charset_normalizer-3.3.1-cp311-cp311-manylinux_2_5_i686.manylinux1_i686.manylinux_2_17_i686.manylinux2014_i686.whl", hash = "sha256:be4d9c2770044a59715eb57c1144dedea7c5d5ae80c68fb9959515037cde2008"},
    {file = "charset_normalizer-3.3.1-cp311-cp311-musllinux_1_1_aarch64.whl", hash = "sha256:851cf693fb3aaef71031237cd68699dded198657ec1e76a76eb8be58c03a5d1f"},
    {file = "charset_normalizer-3.3.1-cp311-cp311-musllinux_1_1_i686.whl", hash = "sha256:31bbaba7218904d2eabecf4feec0d07469284e952a27400f23b6628439439fa7"},
    {file = "charset_normalizer-3.3.1-cp311-cp311-musllinux_1_1_ppc64le.whl", hash = "sha256:871d045d6ccc181fd863a3cd66ee8e395523ebfbc57f85f91f035f50cee8e3d4"},
    {file = "charset_normalizer-3.3.1-cp311-cp311-musllinux_1_1_s390x.whl", hash = "sha256:501adc5eb6cd5f40a6f77fbd90e5ab915c8fd6e8c614af2db5561e16c600d6f3"},
    {file = "charset_normalizer-3.3.1-cp311-cp311-musllinux_1_1_x86_64.whl", hash = "sha256:f5fb672c396d826ca16a022ac04c9dce74e00a1c344f6ad1a0fdc1ba1f332213"},
    {file = "charset_normalizer-3.3.1-cp311-cp311-win32.whl", hash = "sha256:bb06098d019766ca16fc915ecaa455c1f1cd594204e7f840cd6258237b5079a8"},
    {file = "charset_normalizer-3.3.1-cp311-cp311-win_amd64.whl", hash = "sha256:8af5a8917b8af42295e86b64903156b4f110a30dca5f3b5aedea123fbd638bff"},
    {file = "charset_normalizer-3.3.1-cp312-cp312-macosx_10_9_universal2.whl", hash = "sha256:7ae8e5142dcc7a49168f4055255dbcced01dc1714a90a21f87448dc8d90617d1"},
    {file = "charset_normalizer-3.3.1-cp312-cp312-macosx_10_9_x86_64.whl", hash = "sha256:5b70bab78accbc672f50e878a5b73ca692f45f5b5e25c8066d748c09405e6a55"},
    {file = "charset_normalizer-3.3.1-cp312-cp312-macosx_11_0_arm64.whl", hash = "sha256:5ceca5876032362ae73b83347be8b5dbd2d1faf3358deb38c9c88776779b2e2f"},
    {file = "charset_normalizer-3.3.1-cp312-cp312-manylinux_2_17_aarch64.manylinux2014_aarch64.whl", hash = "sha256:34d95638ff3613849f473afc33f65c401a89f3b9528d0d213c7037c398a51296"},
    {file = "charset_normalizer-3.3.1-cp312-cp312-manylinux_2_17_ppc64le.manylinux2014_ppc64le.whl", hash = "sha256:9edbe6a5bf8b56a4a84533ba2b2f489d0046e755c29616ef8830f9e7d9cf5728"},
    {file = "charset_normalizer-3.3.1-cp312-cp312-manylinux_2_17_s390x.manylinux2014_s390x.whl", hash = "sha256:f6a02a3c7950cafaadcd46a226ad9e12fc9744652cc69f9e5534f98b47f3bbcf"},
    {file = "charset_normalizer-3.3.1-cp312-cp312-manylinux_2_17_x86_64.manylinux2014_x86_64.whl", hash = "sha256:10b8dd31e10f32410751b3430996f9807fc4d1587ca69772e2aa940a82ab571a"},
    {file = "charset_normalizer-3.3.1-cp312-cp312-manylinux_2_5_i686.manylinux1_i686.manylinux_2_17_i686.manylinux2014_i686.whl", hash = "sha256:edc0202099ea1d82844316604e17d2b175044f9bcb6b398aab781eba957224bd"},
    {file = "charset_normalizer-3.3.1-cp312-cp312-musllinux_1_1_aarch64.whl", hash = "sha256:b891a2f68e09c5ef989007fac11476ed33c5c9994449a4e2c3386529d703dc8b"},
    {file = "charset_normalizer-3.3.1-cp312-cp312-musllinux_1_1_i686.whl", hash = "sha256:71ef3b9be10070360f289aea4838c784f8b851be3ba58cf796262b57775c2f14"},
    {file = "charset_normalizer-3.3.1-cp312-cp312-musllinux_1_1_ppc64le.whl", hash = "sha256:55602981b2dbf8184c098bc10287e8c245e351cd4fdcad050bd7199d5a8bf514"},
    {file = "charset_normalizer-3.3.1-cp312-cp312-musllinux_1_1_s390x.whl", hash = "sha256:46fb9970aa5eeca547d7aa0de5d4b124a288b42eaefac677bde805013c95725c"},
    {file = "charset_normalizer-3.3.1-cp312-cp312-musllinux_1_1_x86_64.whl", hash = "sha256:520b7a142d2524f999447b3a0cf95115df81c4f33003c51a6ab637cbda9d0bf4"},
    {file = "charset_normalizer-3.3.1-cp312-cp312-win32.whl", hash = "sha256:8ec8ef42c6cd5856a7613dcd1eaf21e5573b2185263d87d27c8edcae33b62a61"},
    {file = "charset_normalizer-3.3.1-cp312-cp312-win_amd64.whl", hash = "sha256:baec8148d6b8bd5cee1ae138ba658c71f5b03e0d69d5907703e3e1df96db5e41"},
    {file = "charset_normalizer-3.3.1-cp37-cp37m-macosx_10_9_x86_64.whl", hash = "sha256:63a6f59e2d01310f754c270e4a257426fe5a591dc487f1983b3bbe793cf6bac6"},
    {file = "charset_normalizer-3.3.1-cp37-cp37m-manylinux_2_17_aarch64.manylinux2014_aarch64.whl", hash = "sha256:1d6bfc32a68bc0933819cfdfe45f9abc3cae3877e1d90aac7259d57e6e0f85b1"},
    {file = "charset_normalizer-3.3.1-cp37-cp37m-manylinux_2_17_ppc64le.manylinux2014_ppc64le.whl", hash = "sha256:4f3100d86dcd03c03f7e9c3fdb23d92e32abbca07e7c13ebd7ddfbcb06f5991f"},
    {file = "charset_normalizer-3.3.1-cp37-cp37m-manylinux_2_17_s390x.manylinux2014_s390x.whl", hash = "sha256:39b70a6f88eebe239fa775190796d55a33cfb6d36b9ffdd37843f7c4c1b5dc67"},
    {file = "charset_normalizer-3.3.1-cp37-cp37m-manylinux_2_17_x86_64.manylinux2014_x86_64.whl", hash = "sha256:4e12f8ee80aa35e746230a2af83e81bd6b52daa92a8afaef4fea4a2ce9b9f4fa"},
    {file = "charset_normalizer-3.3.1-cp37-cp37m-manylinux_2_5_i686.manylinux1_i686.manylinux_2_17_i686.manylinux2014_i686.whl", hash = "sha256:7b6cefa579e1237ce198619b76eaa148b71894fb0d6bcf9024460f9bf30fd228"},
    {file = "charset_normalizer-3.3.1-cp37-cp37m-musllinux_1_1_aarch64.whl", hash = "sha256:61f1e3fb621f5420523abb71f5771a204b33c21d31e7d9d86881b2cffe92c47c"},
    {file = "charset_normalizer-3.3.1-cp37-cp37m-musllinux_1_1_i686.whl", hash = "sha256:4f6e2a839f83a6a76854d12dbebde50e4b1afa63e27761549d006fa53e9aa80e"},
    {file = "charset_normalizer-3.3.1-cp37-cp37m-musllinux_1_1_ppc64le.whl", hash = "sha256:1ec937546cad86d0dce5396748bf392bb7b62a9eeb8c66efac60e947697f0e58"},
    {file = "charset_normalizer-3.3.1-cp37-cp37m-musllinux_1_1_s390x.whl", hash = "sha256:82ca51ff0fc5b641a2d4e1cc8c5ff108699b7a56d7f3ad6f6da9dbb6f0145b48"},
    {file = "charset_normalizer-3.3.1-cp37-cp37m-musllinux_1_1_x86_64.whl", hash = "sha256:633968254f8d421e70f91c6ebe71ed0ab140220469cf87a9857e21c16687c034"},
    {file = "charset_normalizer-3.3.1-cp37-cp37m-win32.whl", hash = "sha256:c0c72d34e7de5604df0fde3644cc079feee5e55464967d10b24b1de268deceb9"},
    {file = "charset_normalizer-3.3.1-cp37-cp37m-win_amd64.whl", hash = "sha256:63accd11149c0f9a99e3bc095bbdb5a464862d77a7e309ad5938fbc8721235ae"},
    {file = "charset_normalizer-3.3.1-cp38-cp38-macosx_10_9_universal2.whl", hash = "sha256:5a3580a4fdc4ac05f9e53c57f965e3594b2f99796231380adb2baaab96e22761"},
    {file = "charset_normalizer-3.3.1-cp38-cp38-macosx_10_9_x86_64.whl", hash = "sha256:2465aa50c9299d615d757c1c888bc6fef384b7c4aec81c05a0172b4400f98557"},
    {file = "charset_normalizer-3.3.1-cp38-cp38-macosx_11_0_arm64.whl", hash = "sha256:cb7cd68814308aade9d0c93c5bd2ade9f9441666f8ba5aa9c2d4b389cb5e2a45"},
    {file = "charset_normalizer-3.3.1-cp38-cp38-manylinux_2_17_aarch64.manylinux2014_aarch64.whl", hash = "sha256:91e43805ccafa0a91831f9cd5443aa34528c0c3f2cc48c4cb3d9a7721053874b"},
    {file = "charset_normalizer-3.3.1-cp38-cp38-manylinux_2_17_ppc64le.manylinux2014_ppc64le.whl", hash = "sha256:854cc74367180beb327ab9d00f964f6d91da06450b0855cbbb09187bcdb02de5"},
    {file = "charset_normalizer-3.3.1-cp38-cp38-manylinux_2_17_s390x.manylinux2014_s390x.whl", hash = "sha256:c15070ebf11b8b7fd1bfff7217e9324963c82dbdf6182ff7050519e350e7ad9f"},
    {file = "charset_normalizer-3.3.1-cp38-cp38-manylinux_2_17_x86_64.manylinux2014_x86_64.whl", hash = "sha256:2c4c99f98fc3a1835af8179dcc9013f93594d0670e2fa80c83aa36346ee763d2"},
    {file = "charset_normalizer-3.3.1-cp38-cp38-manylinux_2_5_i686.manylinux1_i686.manylinux_2_17_i686.manylinux2014_i686.whl", hash = "sha256:3fb765362688821404ad6cf86772fc54993ec11577cd5a92ac44b4c2ba52155b"},
    {file = "charset_normalizer-3.3.1-cp38-cp38-musllinux_1_1_aarch64.whl", hash = "sha256:dced27917823df984fe0c80a5c4ad75cf58df0fbfae890bc08004cd3888922a2"},
    {file = "charset_normalizer-3.3.1-cp38-cp38-musllinux_1_1_i686.whl", hash = "sha256:a66bcdf19c1a523e41b8e9d53d0cedbfbac2e93c649a2e9502cb26c014d0980c"},
    {file = "charset_normalizer-3.3.1-cp38-cp38-musllinux_1_1_ppc64le.whl", hash = "sha256:ecd26be9f112c4f96718290c10f4caea6cc798459a3a76636b817a0ed7874e42"},
    {file = "charset_normalizer-3.3.1-cp38-cp38-musllinux_1_1_s390x.whl", hash = "sha256:3f70fd716855cd3b855316b226a1ac8bdb3caf4f7ea96edcccc6f484217c9597"},
    {file = "charset_normalizer-3.3.1-cp38-cp38-musllinux_1_1_x86_64.whl", hash = "sha256:17a866d61259c7de1bdadef418a37755050ddb4b922df8b356503234fff7932c"},
    {file = "charset_normalizer-3.3.1-cp38-cp38-win32.whl", hash = "sha256:548eefad783ed787b38cb6f9a574bd8664468cc76d1538215d510a3cd41406cb"},
    {file = "charset_normalizer-3.3.1-cp38-cp38-win_amd64.whl", hash = "sha256:45f053a0ece92c734d874861ffe6e3cc92150e32136dd59ab1fb070575189c97"},
    {file = "charset_normalizer-3.3.1-cp39-cp39-macosx_10_9_universal2.whl", hash = "sha256:bc791ec3fd0c4309a753f95bb6c749ef0d8ea3aea91f07ee1cf06b7b02118f2f"},
    {file = "charset_normalizer-3.3.1-cp39-cp39-macosx_10_9_x86_64.whl", hash = "sha256:0c8c61fb505c7dad1d251c284e712d4e0372cef3b067f7ddf82a7fa82e1e9a93"},
    {file = "charset_normalizer-3.3.1-cp39-cp39-macosx_11_0_arm64.whl", hash = "sha256:2c092be3885a1b7899cd85ce24acedc1034199d6fca1483fa2c3a35c86e43041"},
    {file = "charset_normalizer-3.3.1-cp39-cp39-manylinux_2_17_aarch64.manylinux2014_aarch64.whl", hash = "sha256:c2000c54c395d9e5e44c99dc7c20a64dc371f777faf8bae4919ad3e99ce5253e"},
    {file = "charset_normalizer-3.3.1-cp39-cp39-manylinux_2_17_ppc64le.manylinux2014_ppc64le.whl", hash = "sha256:4cb50a0335382aac15c31b61d8531bc9bb657cfd848b1d7158009472189f3d62"},
    {file = "charset_normalizer-3.3.1-cp39-cp39-manylinux_2_17_s390x.manylinux2014_s390x.whl", hash = "sha256:c30187840d36d0ba2893bc3271a36a517a717f9fd383a98e2697ee890a37c273"},
    {file = "charset_normalizer-3.3.1-cp39-cp39-manylinux_2_17_x86_64.manylinux2014_x86_64.whl", hash = "sha256:fe81b35c33772e56f4b6cf62cf4aedc1762ef7162a31e6ac7fe5e40d0149eb67"},
    {file = "charset_normalizer-3.3.1-cp39-cp39-manylinux_2_5_i686.manylinux1_i686.manylinux_2_17_i686.manylinux2014_i686.whl", hash = "sha256:d0bf89afcbcf4d1bb2652f6580e5e55a840fdf87384f6063c4a4f0c95e378656"},
    {file = "charset_normalizer-3.3.1-cp39-cp39-musllinux_1_1_aarch64.whl", hash = "sha256:06cf46bdff72f58645434d467bf5228080801298fbba19fe268a01b4534467f5"},
    {file = "charset_normalizer-3.3.1-cp39-cp39-musllinux_1_1_i686.whl", hash = "sha256:3c66df3f41abee950d6638adc7eac4730a306b022570f71dd0bd6ba53503ab57"},
    {file = "charset_normalizer-3.3.1-cp39-cp39-musllinux_1_1_ppc64le.whl", hash = "sha256:cd805513198304026bd379d1d516afbf6c3c13f4382134a2c526b8b854da1c2e"},
    {file = "charset_normalizer-3.3.1-cp39-cp39-musllinux_1_1_s390x.whl", hash = "sha256:9505dc359edb6a330efcd2be825fdb73ee3e628d9010597aa1aee5aa63442e97"},
    {file = "charset_normalizer-3.3.1-cp39-cp39-musllinux_1_1_x86_64.whl", hash = "sha256:31445f38053476a0c4e6d12b047b08ced81e2c7c712e5a1ad97bc913256f91b2"},
    {file = "charset_normalizer-3.3.1-cp39-cp39-win32.whl", hash = "sha256:bd28b31730f0e982ace8663d108e01199098432a30a4c410d06fe08fdb9e93f4"},
    {file = "charset_normalizer-3.3.1-cp39-cp39-win_amd64.whl", hash = "sha256:555fe186da0068d3354cdf4bbcbc609b0ecae4d04c921cc13e209eece7720727"},
    {file = "charset_normalizer-3.3.1-py3-none-any.whl", hash = "sha256:800561453acdecedaac137bf09cd719c7a440b6800ec182f077bb8e7025fb708"},
]

[[package]]
name = "decorator"
version = "5.1.1"
description = "Decorators for Humans"
optional = false
python-versions = ">=3.5"
files = [
    {file = "decorator-5.1.1-py3-none-any.whl", hash = "sha256:b8c3f85900b9dc423225913c5aace94729fe1fa9763b38939a95226f02d37186"},
    {file = "decorator-5.1.1.tar.gz", hash = "sha256:637996211036b6385ef91435e4fae22989472f9d571faba8927ba8253acbc330"},
]

[[package]]
name = "distro"
version = "1.8.0"
description = "Distro - an OS platform information API"
optional = false
python-versions = ">=3.6"
files = [
    {file = "distro-1.8.0-py3-none-any.whl", hash = "sha256:99522ca3e365cac527b44bde033f64c6945d90eb9f769703caaec52b09bbd3ff"},
    {file = "distro-1.8.0.tar.gz", hash = "sha256:02e111d1dc6a50abb8eed6bf31c3e48ed8b0830d1ea2a1b78c61765c2513fdd8"},
]

[[package]]
name = "idna"
version = "3.4"
description = "Internationalized Domain Names in Applications (IDNA)"
optional = false
python-versions = ">=3.5"
files = [
    {file = "idna-3.4-py3-none-any.whl", hash = "sha256:90b77e79eaa3eba6de819a0c442c0b4ceefc341a7a2ab77d7562bf49f425c5c2"},
    {file = "idna-3.4.tar.gz", hash = "sha256:814f528e8dead7d329833b91c5faa87d60bf71824cd12a7530b5526063d02cb4"},
]

[[package]]
name = "markdown"
version = "3.5"
description = "Python implementation of John Gruber's Markdown."
optional = false
python-versions = ">=3.8"
files = [
    {file = "Markdown-3.5-py3-none-any.whl", hash = "sha256:4afb124395ce5fc34e6d9886dab977fd9ae987fc6e85689f08278cf0c69d4bf3"},
    {file = "Markdown-3.5.tar.gz", hash = "sha256:a807eb2e4778d9156c8f07876c6e4d50b5494c5665c4834f67b06459dfd877b3"},
]

[package.extras]
docs = ["mdx-gh-links (>=0.2)", "mkdocs (>=1.5)", "mkdocs-gen-files", "mkdocs-literate-nav", "mkdocs-nature (>=0.6)", "mkdocs-section-index", "mkdocstrings[python]"]
testing = ["coverage", "pyyaml"]

[[package]]
name = "markdown-it-py"
version = "3.0.0"
description = "Python port of markdown-it. Markdown parsing, done right!"
optional = false
python-versions = ">=3.8"
files = [
    {file = "markdown-it-py-3.0.0.tar.gz", hash = "sha256:e3f60a94fa066dc52ec76661e37c851cb232d92f9886b15cb560aaada2df8feb"},
    {file = "markdown_it_py-3.0.0-py3-none-any.whl", hash = "sha256:355216845c60bd96232cd8d8c40e8f9765cc86f46880e43a8fd22dc1a1a8cab1"},
]

[package.dependencies]
mdurl = ">=0.1,<1.0"

[package.extras]
benchmarking = ["psutil", "pytest", "pytest-benchmark"]
code-style = ["pre-commit (>=3.0,<4.0)"]
compare = ["commonmark (>=0.9,<1.0)", "markdown (>=3.4,<4.0)", "mistletoe (>=1.0,<2.0)", "mistune (>=2.0,<3.0)", "panflute (>=2.3,<3.0)"]
linkify = ["linkify-it-py (>=1,<3)"]
plugins = ["mdit-py-plugins"]
profiling = ["gprof2dot"]
rtd = ["jupyter_sphinx", "mdit-py-plugins", "myst-parser", "pyyaml", "sphinx", "sphinx-copybutton", "sphinx-design", "sphinx_book_theme"]
testing = ["coverage", "pytest", "pytest-cov", "pytest-regressions"]

[[package]]
name = "mdurl"
version = "0.1.2"
description = "Markdown URL utilities"
optional = false
python-versions = ">=3.7"
files = [
    {file = "mdurl-0.1.2-py3-none-any.whl", hash = "sha256:84008a41e51615a49fc9966191ff91509e3c40b939176e643fd50a5c2196b8f8"},
    {file = "mdurl-0.1.2.tar.gz", hash = "sha256:bb413d29f5eea38f31dd4754dd7377d4465116fb207585f97bf925588687c1ba"},
]

[[package]]
name = "orjson"
version = "3.9.10"
description = "Fast, correct Python JSON library supporting dataclasses, datetimes, and numpy"
optional = false
python-versions = ">=3.8"
files = [
    {file = "orjson-3.9.10-cp310-cp310-macosx_10_15_x86_64.macosx_11_0_arm64.macosx_10_15_universal2.whl", hash = "sha256:c18a4da2f50050a03d1da5317388ef84a16013302a5281d6f64e4a3f406aabc4"},
    {file = "orjson-3.9.10-cp310-cp310-manylinux_2_17_aarch64.manylinux2014_aarch64.whl", hash = "sha256:5148bab4d71f58948c7c39d12b14a9005b6ab35a0bdf317a8ade9a9e4d9d0bd5"},
    {file = "orjson-3.9.10-cp310-cp310-manylinux_2_17_armv7l.manylinux2014_armv7l.whl", hash = "sha256:4cf7837c3b11a2dfb589f8530b3cff2bd0307ace4c301e8997e95c7468c1378e"},
    {file = "orjson-3.9.10-cp310-cp310-manylinux_2_17_ppc64le.manylinux2014_ppc64le.whl", hash = "sha256:c62b6fa2961a1dcc51ebe88771be5319a93fd89bd247c9ddf732bc250507bc2b"},
    {file = "orjson-3.9.10-cp310-cp310-manylinux_2_17_s390x.manylinux2014_s390x.whl", hash = "sha256:deeb3922a7a804755bbe6b5be9b312e746137a03600f488290318936c1a2d4dc"},
    {file = "orjson-3.9.10-cp310-cp310-manylinux_2_17_x86_64.manylinux2014_x86_64.whl", hash = "sha256:1234dc92d011d3554d929b6cf058ac4a24d188d97be5e04355f1b9223e98bbe9"},
    {file = "orjson-3.9.10-cp310-cp310-musllinux_1_1_aarch64.whl", hash = "sha256:06ad5543217e0e46fd7ab7ea45d506c76f878b87b1b4e369006bdb01acc05a83"},
    {file = "orjson-3.9.10-cp310-cp310-musllinux_1_1_x86_64.whl", hash = "sha256:4fd72fab7bddce46c6826994ce1e7de145ae1e9e106ebb8eb9ce1393ca01444d"},
    {file = "orjson-3.9.10-cp310-none-win32.whl", hash = "sha256:b5b7d4a44cc0e6ff98da5d56cde794385bdd212a86563ac321ca64d7f80c80d1"},
    {file = "orjson-3.9.10-cp310-none-win_amd64.whl", hash = "sha256:61804231099214e2f84998316f3238c4c2c4aaec302df12b21a64d72e2a135c7"},
    {file = "orjson-3.9.10-cp311-cp311-macosx_10_15_x86_64.macosx_11_0_arm64.macosx_10_15_universal2.whl", hash = "sha256:cff7570d492bcf4b64cc862a6e2fb77edd5e5748ad715f487628f102815165e9"},
    {file = "orjson-3.9.10-cp311-cp311-manylinux_2_17_aarch64.manylinux2014_aarch64.whl", hash = "sha256:ed8bc367f725dfc5cabeed1ae079d00369900231fbb5a5280cf0736c30e2adf7"},
    {file = "orjson-3.9.10-cp311-cp311-manylinux_2_17_armv7l.manylinux2014_armv7l.whl", hash = "sha256:c812312847867b6335cfb264772f2a7e85b3b502d3a6b0586aa35e1858528ab1"},
    {file = "orjson-3.9.10-cp311-cp311-manylinux_2_17_ppc64le.manylinux2014_ppc64le.whl", hash = "sha256:9edd2856611e5050004f4722922b7b1cd6268da34102667bd49d2a2b18bafb81"},
    {file = "orjson-3.9.10-cp311-cp311-manylinux_2_17_s390x.manylinux2014_s390x.whl", hash = "sha256:674eb520f02422546c40401f4efaf8207b5e29e420c17051cddf6c02783ff5ca"},
    {file = "orjson-3.9.10-cp311-cp311-manylinux_2_17_x86_64.manylinux2014_x86_64.whl", hash = "sha256:1d0dc4310da8b5f6415949bd5ef937e60aeb0eb6b16f95041b5e43e6200821fb"},
    {file = "orjson-3.9.10-cp311-cp311-musllinux_1_1_aarch64.whl", hash = "sha256:e99c625b8c95d7741fe057585176b1b8783d46ed4b8932cf98ee145c4facf499"},
    {file = "orjson-3.9.10-cp311-cp311-musllinux_1_1_x86_64.whl", hash = "sha256:ec6f18f96b47299c11203edfbdc34e1b69085070d9a3d1f302810cc23ad36bf3"},
    {file = "orjson-3.9.10-cp311-none-win32.whl", hash = "sha256:ce0a29c28dfb8eccd0f16219360530bc3cfdf6bf70ca384dacd36e6c650ef8e8"},
    {file = "orjson-3.9.10-cp311-none-win_amd64.whl", hash = "sha256:cf80b550092cc480a0cbd0750e8189247ff45457e5a023305f7ef1bcec811616"},
    {file = "orjson-3.9.10-cp312-cp312-macosx_10_15_x86_64.macosx_11_0_arm64.macosx_10_15_universal2.whl", hash = "sha256:602a8001bdf60e1a7d544be29c82560a7b49319a0b31d62586548835bbe2c862"},
    {file = "orjson-3.9.10-cp312-cp312-manylinux_2_17_aarch64.manylinux2014_aarch64.whl", hash = "sha256:f295efcd47b6124b01255d1491f9e46f17ef40d3d7eabf7364099e463fb45f0f"},
    {file = "orjson-3.9.10-cp312-cp312-manylinux_2_17_armv7l.manylinux2014_armv7l.whl", hash = "sha256:92af0d00091e744587221e79f68d617b432425a7e59328ca4c496f774a356071"},
    {file = "orjson-3.9.10-cp312-cp312-manylinux_2_17_ppc64le.manylinux2014_ppc64le.whl", hash = "sha256:c5a02360e73e7208a872bf65a7554c9f15df5fe063dc047f79738998b0506a14"},
    {file = "orjson-3.9.10-cp312-cp312-manylinux_2_17_s390x.manylinux2014_s390x.whl", hash = "sha256:858379cbb08d84fe7583231077d9a36a1a20eb72f8c9076a45df8b083724ad1d"},
    {file = "orjson-3.9.10-cp312-cp312-manylinux_2_17_x86_64.manylinux2014_x86_64.whl", hash = "sha256:666c6fdcaac1f13eb982b649e1c311c08d7097cbda24f32612dae43648d8db8d"},
    {file = "orjson-3.9.10-cp312-cp312-musllinux_1_1_aarch64.whl", hash = "sha256:3fb205ab52a2e30354640780ce4587157a9563a68c9beaf52153e1cea9aa0921"},
    {file = "orjson-3.9.10-cp312-cp312-musllinux_1_1_x86_64.whl", hash = "sha256:7ec960b1b942ee3c69323b8721df2a3ce28ff40e7ca47873ae35bfafeb4555ca"},
    {file = "orjson-3.9.10-cp312-none-win_amd64.whl", hash = "sha256:3e892621434392199efb54e69edfff9f699f6cc36dd9553c5bf796058b14b20d"},
    {file = "orjson-3.9.10-cp38-cp38-macosx_10_15_x86_64.macosx_11_0_arm64.macosx_10_15_universal2.whl", hash = "sha256:8b9ba0ccd5a7f4219e67fbbe25e6b4a46ceef783c42af7dbc1da548eb28b6531"},
    {file = "orjson-3.9.10-cp38-cp38-manylinux_2_17_aarch64.manylinux2014_aarch64.whl", hash = "sha256:2e2ecd1d349e62e3960695214f40939bbfdcaeaaa62ccc638f8e651cf0970e5f"},
    {file = "orjson-3.9.10-cp38-cp38-manylinux_2_17_armv7l.manylinux2014_armv7l.whl", hash = "sha256:7f433be3b3f4c66016d5a20e5b4444ef833a1f802ced13a2d852c637f69729c1"},
    {file = "orjson-3.9.10-cp38-cp38-manylinux_2_17_ppc64le.manylinux2014_ppc64le.whl", hash = "sha256:4689270c35d4bb3102e103ac43c3f0b76b169760aff8bcf2d401a3e0e58cdb7f"},
    {file = "orjson-3.9.10-cp38-cp38-manylinux_2_17_s390x.manylinux2014_s390x.whl", hash = "sha256:4bd176f528a8151a6efc5359b853ba3cc0e82d4cd1fab9c1300c5d957dc8f48c"},
    {file = "orjson-3.9.10-cp38-cp38-manylinux_2_17_x86_64.manylinux2014_x86_64.whl", hash = "sha256:3a2ce5ea4f71681623f04e2b7dadede3c7435dfb5e5e2d1d0ec25b35530e277b"},
    {file = "orjson-3.9.10-cp38-cp38-musllinux_1_1_aarch64.whl", hash = "sha256:49f8ad582da6e8d2cf663c4ba5bf9f83cc052570a3a767487fec6af839b0e777"},
    {file = "orjson-3.9.10-cp38-cp38-musllinux_1_1_x86_64.whl", hash = "sha256:2a11b4b1a8415f105d989876a19b173f6cdc89ca13855ccc67c18efbd7cbd1f8"},
    {file = "orjson-3.9.10-cp38-none-win32.whl", hash = "sha256:a353bf1f565ed27ba71a419b2cd3db9d6151da426b61b289b6ba1422a702e643"},
    {file = "orjson-3.9.10-cp38-none-win_amd64.whl", hash = "sha256:e28a50b5be854e18d54f75ef1bb13e1abf4bc650ab9d635e4258c58e71eb6ad5"},
    {file = "orjson-3.9.10-cp39-cp39-macosx_10_15_x86_64.macosx_11_0_arm64.macosx_10_15_universal2.whl", hash = "sha256:ee5926746232f627a3be1cc175b2cfad24d0170d520361f4ce3fa2fd83f09e1d"},
    {file = "orjson-3.9.10-cp39-cp39-manylinux_2_17_aarch64.manylinux2014_aarch64.whl", hash = "sha256:0a73160e823151f33cdc05fe2cea557c5ef12fdf276ce29bb4f1c571c8368a60"},
    {file = "orjson-3.9.10-cp39-cp39-manylinux_2_17_armv7l.manylinux2014_armv7l.whl", hash = "sha256:c338ed69ad0b8f8f8920c13f529889fe0771abbb46550013e3c3d01e5174deef"},
    {file = "orjson-3.9.10-cp39-cp39-manylinux_2_17_ppc64le.manylinux2014_ppc64le.whl", hash = "sha256:5869e8e130e99687d9e4be835116c4ebd83ca92e52e55810962446d841aba8de"},
    {file = "orjson-3.9.10-cp39-cp39-manylinux_2_17_s390x.manylinux2014_s390x.whl", hash = "sha256:d2c1e559d96a7f94a4f581e2a32d6d610df5840881a8cba8f25e446f4d792df3"},
    {file = "orjson-3.9.10-cp39-cp39-manylinux_2_17_x86_64.manylinux2014_x86_64.whl", hash = "sha256:81a3a3a72c9811b56adf8bcc829b010163bb2fc308877e50e9910c9357e78521"},
    {file = "orjson-3.9.10-cp39-cp39-musllinux_1_1_aarch64.whl", hash = "sha256:7f8fb7f5ecf4f6355683ac6881fd64b5bb2b8a60e3ccde6ff799e48791d8f864"},
    {file = "orjson-3.9.10-cp39-cp39-musllinux_1_1_x86_64.whl", hash = "sha256:c943b35ecdf7123b2d81d225397efddf0bce2e81db2f3ae633ead38e85cd5ade"},
    {file = "orjson-3.9.10-cp39-none-win32.whl", hash = "sha256:fb0b361d73f6b8eeceba47cd37070b5e6c9de5beaeaa63a1cb35c7e1a73ef088"},
    {file = "orjson-3.9.10-cp39-none-win_amd64.whl", hash = "sha256:b90f340cb6397ec7a854157fac03f0c82b744abdd1c0941a024c3c29d1340aff"},
    {file = "orjson-3.9.10.tar.gz", hash = "sha256:9ebbdbd6a046c304b1845e96fbcc5559cd296b4dfd3ad2509e33c4d9ce07d6a1"},
]

[[package]]
name = "protobuf"
version = "4.24.4"
description = ""
optional = false
python-versions = ">=3.7"
files = [
    {file = "protobuf-4.24.4-cp310-abi3-win32.whl", hash = "sha256:ec9912d5cb6714a5710e28e592ee1093d68c5ebfeda61983b3f40331da0b1ebb"},
    {file = "protobuf-4.24.4-cp310-abi3-win_amd64.whl", hash = "sha256:1badab72aa8a3a2b812eacfede5020472e16c6b2212d737cefd685884c191085"},
    {file = "protobuf-4.24.4-cp37-abi3-macosx_10_9_universal2.whl", hash = "sha256:8e61a27f362369c2f33248a0ff6896c20dcd47b5d48239cb9720134bef6082e4"},
    {file = "protobuf-4.24.4-cp37-abi3-manylinux2014_aarch64.whl", hash = "sha256:bffa46ad9612e6779d0e51ae586fde768339b791a50610d85eb162daeb23661e"},
    {file = "protobuf-4.24.4-cp37-abi3-manylinux2014_x86_64.whl", hash = "sha256:b493cb590960ff863743b9ff1452c413c2ee12b782f48beca77c8da3e2ffe9d9"},
    {file = "protobuf-4.24.4-cp37-cp37m-win32.whl", hash = "sha256:dbbed8a56e56cee8d9d522ce844a1379a72a70f453bde6243e3c86c30c2a3d46"},
    {file = "protobuf-4.24.4-cp37-cp37m-win_amd64.whl", hash = "sha256:6b7d2e1c753715dcfe9d284a25a52d67818dd43c4932574307daf836f0071e37"},
    {file = "protobuf-4.24.4-cp38-cp38-win32.whl", hash = "sha256:02212557a76cd99574775a81fefeba8738d0f668d6abd0c6b1d3adcc75503dbe"},
    {file = "protobuf-4.24.4-cp38-cp38-win_amd64.whl", hash = "sha256:2fa3886dfaae6b4c5ed2730d3bf47c7a38a72b3a1f0acb4d4caf68e6874b947b"},
    {file = "protobuf-4.24.4-cp39-cp39-win32.whl", hash = "sha256:b77272f3e28bb416e2071186cb39efd4abbf696d682cbb5dc731308ad37fa6dd"},
    {file = "protobuf-4.24.4-cp39-cp39-win_amd64.whl", hash = "sha256:9fee5e8aa20ef1b84123bb9232b3f4a5114d9897ed89b4b8142d81924e05d79b"},
    {file = "protobuf-4.24.4-py3-none-any.whl", hash = "sha256:80797ce7424f8c8d2f2547e2d42bfbb6c08230ce5832d6c099a37335c9c90a92"},
    {file = "protobuf-4.24.4.tar.gz", hash = "sha256:5a70731910cd9104762161719c3d883c960151eea077134458503723b60e3667"},
]

[[package]]
name = "psutil"
version = "5.9.6"
description = "Cross-platform lib for process and system monitoring in Python."
optional = false
python-versions = ">=2.7, !=3.0.*, !=3.1.*, !=3.2.*, !=3.3.*, !=3.4.*, !=3.5.*"
files = [
    {file = "psutil-5.9.6-cp27-cp27m-macosx_10_9_x86_64.whl", hash = "sha256:fb8a697f11b0f5994550555fcfe3e69799e5b060c8ecf9e2f75c69302cc35c0d"},
    {file = "psutil-5.9.6-cp27-cp27m-manylinux2010_i686.whl", hash = "sha256:91ecd2d9c00db9817a4b4192107cf6954addb5d9d67a969a4f436dbc9200f88c"},
    {file = "psutil-5.9.6-cp27-cp27m-manylinux2010_x86_64.whl", hash = "sha256:10e8c17b4f898d64b121149afb136c53ea8b68c7531155147867b7b1ac9e7e28"},
    {file = "psutil-5.9.6-cp27-cp27mu-manylinux2010_i686.whl", hash = "sha256:18cd22c5db486f33998f37e2bb054cc62fd06646995285e02a51b1e08da97017"},
    {file = "psutil-5.9.6-cp27-cp27mu-manylinux2010_x86_64.whl", hash = "sha256:ca2780f5e038379e520281e4c032dddd086906ddff9ef0d1b9dcf00710e5071c"},
    {file = "psutil-5.9.6-cp27-none-win32.whl", hash = "sha256:70cb3beb98bc3fd5ac9ac617a327af7e7f826373ee64c80efd4eb2856e5051e9"},
    {file = "psutil-5.9.6-cp27-none-win_amd64.whl", hash = "sha256:51dc3d54607c73148f63732c727856f5febec1c7c336f8f41fcbd6315cce76ac"},
    {file = "psutil-5.9.6-cp36-abi3-macosx_10_9_x86_64.whl", hash = "sha256:c69596f9fc2f8acd574a12d5f8b7b1ba3765a641ea5d60fb4736bf3c08a8214a"},
    {file = "psutil-5.9.6-cp36-abi3-manylinux_2_12_i686.manylinux2010_i686.manylinux_2_17_i686.manylinux2014_i686.whl", hash = "sha256:92e0cc43c524834af53e9d3369245e6cc3b130e78e26100d1f63cdb0abeb3d3c"},
    {file = "psutil-5.9.6-cp36-abi3-manylinux_2_12_x86_64.manylinux2010_x86_64.manylinux_2_17_x86_64.manylinux2014_x86_64.whl", hash = "sha256:748c9dd2583ed86347ed65d0035f45fa8c851e8d90354c122ab72319b5f366f4"},
    {file = "psutil-5.9.6-cp36-cp36m-win32.whl", hash = "sha256:3ebf2158c16cc69db777e3c7decb3c0f43a7af94a60d72e87b2823aebac3d602"},
    {file = "psutil-5.9.6-cp36-cp36m-win_amd64.whl", hash = "sha256:ff18b8d1a784b810df0b0fff3bcb50ab941c3b8e2c8de5726f9c71c601c611aa"},
    {file = "psutil-5.9.6-cp37-abi3-win32.whl", hash = "sha256:a6f01f03bf1843280f4ad16f4bde26b817847b4c1a0db59bf6419807bc5ce05c"},
    {file = "psutil-5.9.6-cp37-abi3-win_amd64.whl", hash = "sha256:6e5fb8dc711a514da83098bc5234264e551ad980cec5f85dabf4d38ed6f15e9a"},
    {file = "psutil-5.9.6-cp38-abi3-macosx_11_0_arm64.whl", hash = "sha256:daecbcbd29b289aac14ece28eca6a3e60aa361754cf6da3dfb20d4d32b6c7f57"},
    {file = "psutil-5.9.6.tar.gz", hash = "sha256:e4b92ddcd7dd4cdd3f900180ea1e104932c7bce234fb88976e2a3b296441225a"},
]

[package.extras]
test = ["enum34", "ipaddress", "mock", "pywin32", "wmi"]

[[package]]
name = "pygments"
version = "2.16.1"
description = "Pygments is a syntax highlighting package written in Python."
optional = false
python-versions = ">=3.7"
files = [
    {file = "Pygments-2.16.1-py3-none-any.whl", hash = "sha256:13fc09fa63bc8d8671a6d247e1eb303c4b343eaee81d861f3404db2935653692"},
    {file = "Pygments-2.16.1.tar.gz", hash = "sha256:1daff0494820c69bc8941e407aa20f577374ee88364ee10a98fdbe0aece96e29"},
]

[package.extras]
plugins = ["importlib-metadata"]

[[package]]
name = "pysocks"
version = "1.7.1"
description = "A Python SOCKS client module. See https://github.com/Anorov/PySocks for more information."
optional = false
python-versions = ">=2.7, !=3.0.*, !=3.1.*, !=3.2.*, !=3.3.*"
files = [
    {file = "PySocks-1.7.1-py27-none-any.whl", hash = "sha256:08e69f092cc6dbe92a0fdd16eeb9b9ffbc13cadfe5ca4c7bd92ffb078b293299"},
    {file = "PySocks-1.7.1-py3-none-any.whl", hash = "sha256:2725bd0a9925919b9b51739eea5f9e2bae91e83288108a9ad338b2e3a4435ee5"},
    {file = "PySocks-1.7.1.tar.gz", hash = "sha256:3f8804571ebe159c380ac6de37643bb4685970655d3bba243530d6558b799aa0"},
]

[[package]]
name = "requests"
version = "2.31.0"
description = "Python HTTP for Humans."
optional = false
python-versions = ">=3.7"
files = [
    {file = "requests-2.31.0-py3-none-any.whl", hash = "sha256:58cd2187c01e70e6e26505bca751777aa9f2ee0b7f4300988b709f44e013003f"},
    {file = "requests-2.31.0.tar.gz", hash = "sha256:942c5a758f98d790eaed1a29cb6eefc7ffb0d1cf7af05c3d2791656dbd6ad1e1"},
]

[package.dependencies]
certifi = ">=2017.4.17"
charset-normalizer = ">=2,<4"
idna = ">=2.5,<4"
PySocks = {version = ">=1.5.6,<1.5.7 || >1.5.7", optional = true, markers = "extra == \"socks\""}
urllib3 = ">=1.21.1,<3"

[package.extras]
socks = ["PySocks (>=1.5.6,!=1.5.7)"]
use-chardet-on-py3 = ["chardet (>=3.0.2,<6)"]

[[package]]
name = "rich"
version = "13.6.0"
description = "Render rich text, tables, progress bars, syntax highlighting, markdown and more to the terminal"
optional = false
python-versions = ">=3.7.0"
files = [
    {file = "rich-13.6.0-py3-none-any.whl", hash = "sha256:2b38e2fe9ca72c9a00170a1a2d20c63c790d0e10ef1fe35eba76e1e7b1d7d245"},
    {file = "rich-13.6.0.tar.gz", hash = "sha256:5c14d22737e6d5084ef4771b62d5d4363165b403455a30a1c8ca39dc7b644bef"},
]

[package.dependencies]
markdown-it-py = ">=2.2.0"
pygments = ">=2.13.0,<3.0.0"

[package.extras]
jupyter = ["ipywidgets (>=7.5.1,<9)"]

[[package]]
name = "soupsieve"
version = "2.5"
description = "A modern CSS selector implementation for Beautiful Soup."
optional = false
python-versions = ">=3.8"
files = [
    {file = "soupsieve-2.5-py3-none-any.whl", hash = "sha256:eaa337ff55a1579b6549dc679565eac1e3d000563bcb1c8ab0d0fefbc0c2cdc7"},
    {file = "soupsieve-2.5.tar.gz", hash = "sha256:5663d5a7b3bfaeee0bc4372e7fc48f9cff4940b3eec54a6451cc5299f1097690"},
]

[[package]]
name = "urllib3"
version = "2.0.7"
description = "HTTP library with thread-safe connection pooling, file post, and more."
optional = false
python-versions = ">=3.7"
files = [
    {file = "urllib3-2.0.7-py3-none-any.whl", hash = "sha256:fdb6d215c776278489906c2f8916e6e7d4f5a9b602ccbcfdf7f016fc8da0596e"},
    {file = "urllib3-2.0.7.tar.gz", hash = "sha256:c97dfde1f7bd43a71c8d2a58e369e9b2bf692d1334ea9f9cae55add7d0dd0f84"},
]

[package.extras]
brotli = ["brotli (>=1.0.9)", "brotlicffi (>=0.8.0)"]
secure = ["certifi", "cryptography (>=1.9)", "idna (>=2.0.0)", "pyopenssl (>=17.1.0)", "urllib3-secure-extra"]
socks = ["pysocks (>=1.5.6,!=1.5.7,<2.0)"]
zstd = ["zstandard (>=0.18.0)"]

[metadata]
lock-version = "2.0"
python-versions = "^3.11"
content-hash = "6506c5bf02639a9c9ecffa38918a88960ca9506b7a2b6c09fcd7e159ad8f4d43"
